
Microsoft Visual Studio Solution File, Format Version 12.00
# Visual Studio 14
VisualStudioVersion = 14.0.25420.1
MinimumVisualStudioVersion = 10.0.40219.1
Project("{FAE04EC0-301F-11D3-BF4B-00C04F79EFBC}") = "DeepLearningNetworkProject", "DeepLearningNetworkProject\DeepLearningNetworkProject.csproj", "{90FB19A7-9162-4169-B198-F773C3365CA2}"
EndProject
Project("{2150E333-8FDC-42A3-9474-1A3956D46DE8}") = "Data", "Data", "{BBA0D12C-918C-4A25-951B-3B935CB76C5D}"
EndProject
Project("{2150E333-8FDC-42A3-9474-1A3956D46DE8}") = "Business", "Business", "{A824F4F9-5D9A-4BD8-8E46-CBB77D9EDDA1}"
EndProject
Project("{2150E333-8FDC-42A3-9474-1A3956D46DE8}") = "Presentation", "Presentation", "{475922E5-2F7E-466F-8643-B3E24229E1FC}"
EndProject
Project("{FAE04EC0-301F-11D3-BF4B-00C04F79EFBC}") = "DeepLearningNetworkProject.Math", "DeepLearningNetworkProject.Math\DeepLearningNetworkProject.Math.csproj", "{FF164DEF-81C1-4EEC-86F9-5527EC4FA353}"
	ProjectSection(ProjectDependencies) = postProject
		{CDD36AAA-A952-488A-A857-CC67E963BCF9} = {CDD36AAA-A952-488A-A857-CC67E963BCF9}
	EndProjectSection
EndProject
Project("{FAE04EC0-301F-11D3-BF4B-00C04F79EFBC}") = "DeepLearningNetworkProject.Entities", "DeepLearningNetworkProject.Entities\DeepLearningNetworkProject.Entities.csproj", "{CDD36AAA-A952-488A-A857-CC67E963BCF9}"
EndProject
Project("{FAE04EC0-301F-11D3-BF4B-00C04F79EFBC}") = "DeepLearningNetworkProject.Business", "DeepLearningNetworkProject.Business\DeepLearningNetworkProject.Business.csproj", "{691F36A4-DE24-4B18-A663-1943E19082C7}"
EndProject
Project("{FAE04EC0-301F-11D3-BF4B-00C04F79EFBC}") = "DeepLearningNetworkProject.Data", "DeepLearningNetworkProject.Data\DeepLearningNetworkProject.Data.csproj", "{2A18A2DC-3557-4939-922A-E9373FACBFE8}"
EndProject
Project("{FAE04EC0-301F-11D3-BF4B-00C04F79EFBC}") = "DeepLearningNetworkProject.Data.MNIST", "DeepLearningNetworkProject.Data.MNIST\DeepLearningNetworkProject.Data.MNIST.csproj", "{F58CDF4F-0E73-435F-888B-9E6AD1522457}"
EndProject
Project("{FAE04EC0-301F-11D3-BF4B-00C04F79EFBC}") = "DeepLearningNetworkProject.Data.Network", "DeepLearningNetworkProject.Data.Network\DeepLearningNetworkProject.Data.Network.csproj", "{306F91E0-6E26-4A56-BF58-AFBB3742D300}"
EndProject
Global
	GlobalSection(SolutionConfigurationPlatforms) = preSolution
		Debug|Any CPU = Debug|Any CPU
		Release|Any CPU = Release|Any CPU
	EndGlobalSection
	GlobalSection(ProjectConfigurationPlatforms) = postSolution
		{90FB19A7-9162-4169-B198-F773C3365CA2}.Debug|Any CPU.ActiveCfg = Debug|Any CPU
		{90FB19A7-9162-4169-B198-F773C3365CA2}.Debug|Any CPU.Build.0 = Debug|Any CPU
		{90FB19A7-9162-4169-B198-F773C3365CA2}.Release|Any CPU.ActiveCfg = Release|Any CPU
		{90FB19A7-9162-4169-B198-F773C3365CA2}.Release|Any CPU.Build.0 = Release|Any CPU
		{FF164DEF-81C1-4EEC-86F9-5527EC4FA353}.Debug|Any CPU.ActiveCfg = Debug|Any CPU
		{FF164DEF-81C1-4EEC-86F9-5527EC4FA353}.Debug|Any CPU.Build.0 = Debug|Any CPU
		{FF164DEF-81C1-4EEC-86F9-5527EC4FA353}.Release|Any CPU.ActiveCfg = Release|Any CPU
		{FF164DEF-81C1-4EEC-86F9-5527EC4FA353}.Release|Any CPU.Build.0 = Release|Any CPU
		{CDD36AAA-A952-488A-A857-CC67E963BCF9}.Debug|Any CPU.ActiveCfg = Debug|Any CPU
		{CDD36AAA-A952-488A-A857-CC67E963BCF9}.Debug|Any CPU.Build.0 = Debug|Any CPU
		{CDD36AAA-A952-488A-A857-CC67E963BCF9}.Release|Any CPU.ActiveCfg = Release|Any CPU
		{CDD36AAA-A952-488A-A857-CC67E963BCF9}.Release|Any CPU.Build.0 = Release|Any CPU
		{691F36A4-DE24-4B18-A663-1943E19082C7}.Debug|Any CPU.ActiveCfg = Debug|Any CPU
		{691F36A4-DE24-4B18-A663-1943E19082C7}.Debug|Any CPU.Build.0 = Debug|Any CPU
		{691F36A4-DE24-4B18-A663-1943E19082C7}.Release|Any CPU.ActiveCfg = Release|Any CPU
		{691F36A4-DE24-4B18-A663-1943E19082C7}.Release|Any CPU.Build.0 = Release|Any CPU
		{2A18A2DC-3557-4939-922A-E9373FACBFE8}.Debug|Any CPU.ActiveCfg = Debug|Any CPU
		{2A18A2DC-3557-4939-922A-E9373FACBFE8}.Debug|Any CPU.Build.0 = Debug|Any CPU
		{2A18A2DC-3557-4939-922A-E9373FACBFE8}.Release|Any CPU.ActiveCfg = Release|Any CPU
		{2A18A2DC-3557-4939-922A-E9373FACBFE8}.Release|Any CPU.Build.0 = Release|Any CPU
		{F58CDF4F-0E73-435F-888B-9E6AD1522457}.Debug|Any CPU.ActiveCfg = Debug|Any CPU
		{F58CDF4F-0E73-435F-888B-9E6AD1522457}.Debug|Any CPU.Build.0 = Debug|Any CPU
		{F58CDF4F-0E73-435F-888B-9E6AD1522457}.Release|Any CPU.ActiveCfg = Release|Any CPU
		{F58CDF4F-0E73-435F-888B-9E6AD1522457}.Release|Any CPU.Build.0 = Release|Any CPU
		{306F91E0-6E26-4A56-BF58-AFBB3742D300}.Debug|Any CPU.ActiveCfg = Debug|Any CPU
		{306F91E0-6E26-4A56-BF58-AFBB3742D300}.Debug|Any CPU.Build.0 = Debug|Any CPU
		{306F91E0-6E26-4A56-BF58-AFBB3742D300}.Release|Any CPU.ActiveCfg = Release|Any CPU
		{306F91E0-6E26-4A56-BF58-AFBB3742D300}.Release|Any CPU.Build.0 = Release|Any CPU
	EndGlobalSection
	GlobalSection(SolutionProperties) = preSolution
		HideSolutionNode = FALSE
	EndGlobalSection
	GlobalSection(NestedProjects) = preSolution
		{90FB19A7-9162-4169-B198-F773C3365CA2} = {475922E5-2F7E-466F-8643-B3E24229E1FC}
		{FF164DEF-81C1-4EEC-86F9-5527EC4FA353} = {A824F4F9-5D9A-4BD8-8E46-CBB77D9EDDA1}
		{CDD36AAA-A952-488A-A857-CC67E963BCF9} = {A824F4F9-5D9A-4BD8-8E46-CBB77D9EDDA1}
		{691F36A4-DE24-4B18-A663-1943E19082C7} = {A824F4F9-5D9A-4BD8-8E46-CBB77D9EDDA1}
		{2A18A2DC-3557-4939-922A-E9373FACBFE8} = {BBA0D12C-918C-4A25-951B-3B935CB76C5D}
		{F58CDF4F-0E73-435F-888B-9E6AD1522457} = {BBA0D12C-918C-4A25-951B-3B935CB76C5D}
		{306F91E0-6E26-4A56-BF58-AFBB3742D300} = {BBA0D12C-918C-4A25-951B-3B935CB76C5D}
	EndGlobalSection
	GlobalSection(ExtensibilityGlobals) = postSolution
		SolutionGuid = {A0565966-DD85-4944-B44F-1705AB6BF5E4}
	EndGlobalSection
EndGlobal
